PODS:
  - Flutter (1.0.0)
  - flutter_toolplugin (0.0.1):
    - Flutter

DEPENDENCIES:
  - Flutter (from `.symlinks/flutter/ios`)
  - flutter_toolplugin (from `.symlinks/plugins/flutter_toolplugin/ios`)

EXTERNAL SOURCES:
  Flutter:
    :path: ".symlinks/flutter/ios"
  flutter_toolplugin:
    :path: ".symlinks/plugins/flutter_toolplugin/ios"

SPEC CHECKSUMS:
  Flutter: 0e3d915762c693b495b44d77113d4970485de6ec
  flutter_toolplugin: a553973c15b73bdd478f8627c69589ab6d108751

PODFILE CHECKSUM: 7fb83752f59ead6285236625b82473f90b1cb932

COCOAPODS: 1.8.4
